
Microsoft Visual Studio Solution File, Format Version 12.00
# Visual Studio Version 16
VisualStudioVersion = 16.0.33328.57
MinimumVisualStudioVersion = 10.0.40219.1
Project("{8BC9CEB8-8B4A-11D0-8D11-00A0C91BC942}") = "al9", "al9\al9.vcxproj", "{E766FFFB-7F19-44A3-B264-434A6B408242}"
EndProject
Global
	GlobalSection(SolutionConfigurationPlatforms) = preSolution
		Debug|x64 = Debug|x64
		Debug|x86 = Debug|x86
		Release|x64 = Release|x64
		Release|x86 = Release|x86
	EndGlobalSection
	GlobalSection(ProjectConfigurationPlatforms) = postSolution
		{E766FFFB-7F19-44A3-B264-434A6B408242}.Debug|x64.ActiveCfg = Debug|x64
		{E766FFFB-7F19-44A3-B264-434A6B408242}.Debug|x64.Build.0 = Debug|x64
		{E766FFFB-7F19-44A3-B264-434A6B408242}.Debug|x86.ActiveCfg = Debug|Win32
		{E766FFFB-7F19-44A3-B264-434A6B408242}.Debug|x86.Build.0 = Debug|Win32
		{E766FFFB-7F19-44A3-B264-434A6B408242}.Release|x64.ActiveCfg = Release|x64
		{E766FFFB-7F19-44A3-B264-434A6B408242}.Release|x64.Build.0 = Release|x64
		{E766FFFB-7F19-44A3-B264-434A6B408242}.Release|x86.ActiveCfg = Release|Win32
		{E766FFFB-7F19-44A3-B264-434A6B408242}.Release|x86.Build.0 = Release|Win32
	EndGlobalSection
	GlobalSection(SolutionProperties) = preSolution
		HideSolutionNode = FALSE
	EndGlobalSection
	GlobalSection(ExtensibilityGlobals) = postSolution
		SolutionGuid = {1FFBCAF5-7164-4447-A974-2DCA94321060}
	EndGlobalSection
EndGlobal
